
Microsoft Visual Studio Solution File, Format Version 12.00
# Visual Studio Version 17
VisualStudioVersion = 17.3.32929.385
MinimumVisualStudioVersion = 10.0.40219.1
Project("{9A19103F-16F7-4668-BE54-9A1E7A4F7556}") = "Employees", "Employees.csproj", "{D898E576-FE3A-470C-80EE-AE28AA60CA51}"
EndProject
Project("{FAE04EC0-301F-11D3-BF4B-00C04F79EFBC}") = "TestEmployees", "..\TestEmployees\TestEmployees.csproj", "{48C11808-9C3C-47B1-A998-EB939833D291}"
	ProjectSection(ProjectDependencies) = postProject
		{D898E576-FE3A-470C-80EE-AE28AA60CA51} = {D898E576-FE3A-470C-80EE-AE28AA60CA51}
	EndProjectSection
EndProject
Global
	GlobalSection(SolutionConfigurationPlatforms) = preSolution
		Debug|Any CPU = Debug|Any CPU
		Release|Any CPU = Release|Any CPU
	EndGlobalSection
	GlobalSection(ProjectConfigurationPlatforms) = postSolution
		{D898E576-FE3A-470C-80EE-AE28AA60CA51}.Debug|Any CPU.ActiveCfg = Debug|Any CPU
		{D898E576-FE3A-470C-80EE-AE28AA60CA51}.Debug|Any CPU.Build.0 = Debug|Any CPU
		{D898E576-FE3A-470C-80EE-AE28AA60CA51}.Release|Any CPU.ActiveCfg = Release|Any CPU
		{D898E576-FE3A-470C-80EE-AE28AA60CA51}.Release|Any CPU.Build.0 = Release|Any CPU
		{48C11808-9C3C-47B1-A998-EB939833D291}.Debug|Any CPU.ActiveCfg = Debug|Any CPU
		{48C11808-9C3C-47B1-A998-EB939833D291}.Debug|Any CPU.Build.0 = Debug|Any CPU
		{48C11808-9C3C-47B1-A998-EB939833D291}.Release|Any CPU.ActiveCfg = Release|Any CPU
		{48C11808-9C3C-47B1-A998-EB939833D291}.Release|Any CPU.Build.0 = Release|Any CPU
	EndGlobalSection
	GlobalSection(SolutionProperties) = preSolution
		HideSolutionNode = FALSE
	EndGlobalSection
	GlobalSection(ExtensibilityGlobals) = postSolution
		SolutionGuid = {2B9AFDF3-8B30-4FDD-A601-C36D9A403E5E}
	EndGlobalSection
EndGlobal
